
Microsoft Visual Studio Solution File, Format Version 12.00
# Visual Studio Version 17
VisualStudioVersion = 17.7.34024.191
MinimumVisualStudioVersion = 10.0.40219.1
Project("{FAE04EC0-301F-11D3-BF4B-00C04F79EFBC}") = "SimUDuck", "SimUDuck\SimUDuck.csproj", "{60040442-BFE9-4453-85E6-C6A419C11040}"
EndProject
Global
	GlobalSection(SolutionConfigurationPlatforms) = preSolution
		Debug|Any CPU = Debug|Any CPU
		Release|Any CPU = Release|Any CPU
	EndGlobalSection
	GlobalSection(ProjectConfigurationPlatforms) = postSolution
		{60040442-BFE9-4453-85E6-C6A419C11040}.Debug|Any CPU.ActiveCfg = Debug|Any CPU
		{60040442-BFE9-4453-85E6-C6A419C11040}.Debug|Any CPU.Build.0 = Debug|Any CPU
		{60040442-BFE9-4453-85E6-C6A419C11040}.Release|Any CPU.ActiveCfg = Release|Any CPU
		{60040442-BFE9-4453-85E6-C6A419C11040}.Release|Any CPU.Build.0 = Release|Any CPU
	EndGlobalSection
	GlobalSection(SolutionProperties) = preSolution
		HideSolutionNode = FALSE
	EndGlobalSection
	GlobalSection(ExtensibilityGlobals) = postSolution
		SolutionGuid = {64367DCF-9874-495B-9D99-48188E3ECB42}
	EndGlobalSection
EndGlobal
